
Microsoft Visual Studio Solution File, Format Version 12.00
# Visual Studio Version 16
VisualStudioVersion = 16.0.30907.101
MinimumVisualStudioVersion = 10.0.40219.1
Project("{FAE04EC0-301F-11D3-BF4B-00C04F79EFBC}") = "GraphML.Core", "GraphML.Core\GraphML.Core.csproj", "{1119D283-E5D6-4E70-BB9C-FC4B97CE7CEA}"
EndProject
Global
	GlobalSection(SolutionConfigurationPlatforms) = preSolution
		Debug|Any CPU = Debug|Any CPU
		Release|Any CPU = Release|Any CPU
	EndGlobalSection
	GlobalSection(ProjectConfigurationPlatforms) = postSolution
		{1119D283-E5D6-4E70-BB9C-FC4B97CE7CEA}.Debug|Any CPU.ActiveCfg = Debug|Any CPU
		{1119D283-E5D6-4E70-BB9C-FC4B97CE7CEA}.Debug|Any CPU.Build.0 = Debug|Any CPU
		{1119D283-E5D6-4E70-BB9C-FC4B97CE7CEA}.Release|Any CPU.ActiveCfg = Release|Any CPU
		{1119D283-E5D6-4E70-BB9C-FC4B97CE7CEA}.Release|Any CPU.Build.0 = Release|Any CPU
	EndGlobalSection
	GlobalSection(SolutionProperties) = preSolution
		HideSolutionNode = FALSE
	EndGlobalSection
	GlobalSection(ExtensibilityGlobals) = postSolution
		SolutionGuid = {30A58398-7525-4852-A664-C53326DEB818}
	EndGlobalSection
EndGlobal
