
Microsoft Visual Studio Solution File, Format Version 12.00
# Visual Studio Version 16
VisualStudioVersion = 16.0.30907.101
MinimumVisualStudioVersion = 10.0.40219.1
Project("{FAE04EC0-301F-11D3-BF4B-00C04F79EFBC}") = "GraphML.Core", "GraphML.Core\GraphML.Core.csproj", "{1119D283-E5D6-4E70-BB9C-FC4B97CE7CEA}"
EndProject
Project("{9A19103F-16F7-4668-BE54-9A1E7A4F7556}") = "GraphML.DB", "GraphML.DB\GraphML.DB.csproj", "{2C0B4707-74A6-4DE6-B14E-89CFF1A77EB7}"
EndProject
Project("{FAE04EC0-301F-11D3-BF4B-00C04F79EFBC}") = "GraphML.AWS", "GraphML.AWS\GraphML.AWS.csproj", "{7D6A4243-D6DF-49F0-A49D-422B2884C214}"
EndProject
Project("{FAE04EC0-301F-11D3-BF4B-00C04F79EFBC}") = "GraphML.Tests", "GraphML.Tests\GraphML.Tests.csproj", "{224A5FD7-52DE-4B95-9191-1B0716C85951}"
EndProject
Global
	GlobalSection(SolutionConfigurationPlatforms) = preSolution
		Debug|Any CPU = Debug|Any CPU
		Release|Any CPU = Release|Any CPU
	EndGlobalSection
	GlobalSection(ProjectConfigurationPlatforms) = postSolution
		{1119D283-E5D6-4E70-BB9C-FC4B97CE7CEA}.Debug|Any CPU.ActiveCfg = Debug|Any CPU
		{1119D283-E5D6-4E70-BB9C-FC4B97CE7CEA}.Debug|Any CPU.Build.0 = Debug|Any CPU
		{1119D283-E5D6-4E70-BB9C-FC4B97CE7CEA}.Release|Any CPU.ActiveCfg = Release|Any CPU
		{1119D283-E5D6-4E70-BB9C-FC4B97CE7CEA}.Release|Any CPU.Build.0 = Release|Any CPU
		{2C0B4707-74A6-4DE6-B14E-89CFF1A77EB7}.Debug|Any CPU.ActiveCfg = Debug|Any CPU
		{2C0B4707-74A6-4DE6-B14E-89CFF1A77EB7}.Debug|Any CPU.Build.0 = Debug|Any CPU
		{2C0B4707-74A6-4DE6-B14E-89CFF1A77EB7}.Release|Any CPU.ActiveCfg = Release|Any CPU
		{2C0B4707-74A6-4DE6-B14E-89CFF1A77EB7}.Release|Any CPU.Build.0 = Release|Any CPU
		{7D6A4243-D6DF-49F0-A49D-422B2884C214}.Debug|Any CPU.ActiveCfg = Debug|Any CPU
		{7D6A4243-D6DF-49F0-A49D-422B2884C214}.Debug|Any CPU.Build.0 = Debug|Any CPU
		{7D6A4243-D6DF-49F0-A49D-422B2884C214}.Release|Any CPU.ActiveCfg = Release|Any CPU
		{7D6A4243-D6DF-49F0-A49D-422B2884C214}.Release|Any CPU.Build.0 = Release|Any CPU
		{224A5FD7-52DE-4B95-9191-1B0716C85951}.Debug|Any CPU.ActiveCfg = Debug|Any CPU
		{224A5FD7-52DE-4B95-9191-1B0716C85951}.Debug|Any CPU.Build.0 = Debug|Any CPU
		{224A5FD7-52DE-4B95-9191-1B0716C85951}.Release|Any CPU.ActiveCfg = Release|Any CPU
		{224A5FD7-52DE-4B95-9191-1B0716C85951}.Release|Any CPU.Build.0 = Release|Any CPU
	EndGlobalSection
	GlobalSection(SolutionProperties) = preSolution
		HideSolutionNode = FALSE
	EndGlobalSection
	GlobalSection(ExtensibilityGlobals) = postSolution
		SolutionGuid = {30A58398-7525-4852-A664-C53326DEB818}
	EndGlobalSection
EndGlobal
